
Microsoft Visual Studio Solution File, Format Version 12.00
# Visual Studio Version 17
VisualStudioVersion = 17.8.34330.188
MinimumVisualStudioVersion = 10.0.40219.1
Project("{9A19103F-16F7-4668-BE54-9A1E7A4F7556}") = "TPBlog.Api", "src\TPBLog.Api\TPBlog.Api.csproj", "{644868F3-C044-4B96-8C48-0572C746942A}"
EndProject
Project("{9A19103F-16F7-4668-BE54-9A1E7A4F7556}") = "TPBlog.Core", "src\TPBlog.Core\TPBlog.Core.csproj", "{2D290406-FFD0-446C-8B9E-0A2DF74047E0}"
EndProject
Project("{9A19103F-16F7-4668-BE54-9A1E7A4F7556}") = "TPBlog.Data", "src\TPBlog.Data\TPBlog.Data.csproj", "{3C53668D-CFB9-4D02-9660-A097E94D869C}"
EndProject
Project("{9A19103F-16F7-4668-BE54-9A1E7A4F7556}") = "TPBlog.WebApp", "src\TPBlog.WebApp\TPBlog.WebApp.csproj", "{151E3E1A-2F0B-41EE-B4F2-ABA4E626FE41}"
EndProject
Global
	GlobalSection(SolutionConfigurationPlatforms) = preSolution
		Debug|Any CPU = Debug|Any CPU
		Release|Any CPU = Release|Any CPU
	EndGlobalSection
	GlobalSection(ProjectConfigurationPlatforms) = postSolution
		{644868F3-C044-4B96-8C48-0572C746942A}.Debug|Any CPU.ActiveCfg = Debug|Any CPU
		{644868F3-C044-4B96-8C48-0572C746942A}.Debug|Any CPU.Build.0 = Debug|Any CPU
		{644868F3-C044-4B96-8C48-0572C746942A}.Release|Any CPU.ActiveCfg = Release|Any CPU
		{644868F3-C044-4B96-8C48-0572C746942A}.Release|Any CPU.Build.0 = Release|Any CPU
		{2D290406-FFD0-446C-8B9E-0A2DF74047E0}.Debug|Any CPU.ActiveCfg = Debug|Any CPU
		{2D290406-FFD0-446C-8B9E-0A2DF74047E0}.Debug|Any CPU.Build.0 = Debug|Any CPU
		{2D290406-FFD0-446C-8B9E-0A2DF74047E0}.Release|Any CPU.ActiveCfg = Release|Any CPU
		{2D290406-FFD0-446C-8B9E-0A2DF74047E0}.Release|Any CPU.Build.0 = Release|Any CPU
		{3C53668D-CFB9-4D02-9660-A097E94D869C}.Debug|Any CPU.ActiveCfg = Debug|Any CPU
		{3C53668D-CFB9-4D02-9660-A097E94D869C}.Debug|Any CPU.Build.0 = Debug|Any CPU
		{3C53668D-CFB9-4D02-9660-A097E94D869C}.Release|Any CPU.ActiveCfg = Release|Any CPU
		{3C53668D-CFB9-4D02-9660-A097E94D869C}.Release|Any CPU.Build.0 = Release|Any CPU
		{151E3E1A-2F0B-41EE-B4F2-ABA4E626FE41}.Debug|Any CPU.ActiveCfg = Debug|Any CPU
		{151E3E1A-2F0B-41EE-B4F2-ABA4E626FE41}.Debug|Any CPU.Build.0 = Debug|Any CPU
		{151E3E1A-2F0B-41EE-B4F2-ABA4E626FE41}.Release|Any CPU.ActiveCfg = Release|Any CPU
		{151E3E1A-2F0B-41EE-B4F2-ABA4E626FE41}.Release|Any CPU.Build.0 = Release|Any CPU
	EndGlobalSection
	GlobalSection(SolutionProperties) = preSolution
		HideSolutionNode = FALSE
	EndGlobalSection
	GlobalSection(ExtensibilityGlobals) = postSolution
		SolutionGuid = {8C5AD071-F0EE-4DE4-A514-2882A7B7AF91}
	EndGlobalSection
EndGlobal
